
Microsoft Visual Studio Solution File, Format Version 12.00
# Visual Studio Version 17
VisualStudioVersion = 17.10.35201.131
MinimumVisualStudioVersion = 10.0.40219.1
Project("{9A19103F-16F7-4668-BE54-9A1E7A4F7556}") = "RKSoftware.Rackspace.ApiClient", "RKSoftware.Rackspace.ApiClient\RKSoftware.Rackspace.ApiClient.csproj", "{79BDF7F5-9940-444E-BF56-54FCF1DDED13}"
EndProject
Project("{2150E333-8FDC-42A3-9474-1A3956D46DE8}") = "Solution Items", "Solution Items", "{75DB989D-C1D3-48DB-83D3-9857084A6BAB}"
	ProjectSection(SolutionItems) = preProject
		.editorconfig = .editorconfig
		.gitignore = .gitignore
		LICENSE = LICENSE
		README.md = README.md
	EndProjectSection
EndProject
Global
	GlobalSection(SolutionConfigurationPlatforms) = preSolution
		Debug|Any CPU = Debug|Any CPU
		Release|Any CPU = Release|Any CPU
	EndGlobalSection
	GlobalSection(ProjectConfigurationPlatforms) = postSolution
		{79BDF7F5-9940-444E-BF56-54FCF1DDED13}.Debug|Any CPU.ActiveCfg = Debug|Any CPU
		{79BDF7F5-9940-444E-BF56-54FCF1DDED13}.Debug|Any CPU.Build.0 = Debug|Any CPU
		{79BDF7F5-9940-444E-BF56-54FCF1DDED13}.Release|Any CPU.ActiveCfg = Release|Any CPU
		{79BDF7F5-9940-444E-BF56-54FCF1DDED13}.Release|Any CPU.Build.0 = Release|Any CPU
	EndGlobalSection
	GlobalSection(SolutionProperties) = preSolution
		HideSolutionNode = FALSE
	EndGlobalSection
	GlobalSection(ExtensibilityGlobals) = postSolution
		SolutionGuid = {34C4FF65-5D7B-4CF9-A49F-2BDBCA55E9FF}
	EndGlobalSection
EndGlobal
